
Microsoft Visual Studio Solution File, Format Version 12.00
# Visual Studio Version 16
VisualStudioVersion = 16.0.31025.194
MinimumVisualStudioVersion = 10.0.40219.1
Project("{FAE04EC0-301F-11D3-BF4B-00C04F79EFBC}") = "PromotionEngine", "PromotionEngine\PromotionEngine.csproj", "{AF136C82-A628-47EB-AACC-DF676447FD1F}"
EndProject
Project("{FAE04EC0-301F-11D3-BF4B-00C04F79EFBC}") = "PromotionEngineTests", "PromotionEngineTests\PromotionEngineTests.csproj", "{B05518BF-5312-4F01-84DA-A4FF6C6383F0}"
EndProject
Global
	GlobalSection(SolutionConfigurationPlatforms) = preSolution
		Debug|Any CPU = Debug|Any CPU
		Release|Any CPU = Release|Any CPU
	EndGlobalSection
	GlobalSection(ProjectConfigurationPlatforms) = postSolution
		{AF136C82-A628-47EB-AACC-DF676447FD1F}.Debug|Any CPU.ActiveCfg = Debug|Any CPU
		{AF136C82-A628-47EB-AACC-DF676447FD1F}.Debug|Any CPU.Build.0 = Debug|Any CPU
		{AF136C82-A628-47EB-AACC-DF676447FD1F}.Release|Any CPU.ActiveCfg = Release|Any CPU
		{AF136C82-A628-47EB-AACC-DF676447FD1F}.Release|Any CPU.Build.0 = Release|Any CPU
		{B05518BF-5312-4F01-84DA-A4FF6C6383F0}.Debug|Any CPU.ActiveCfg = Debug|Any CPU
		{B05518BF-5312-4F01-84DA-A4FF6C6383F0}.Debug|Any CPU.Build.0 = Debug|Any CPU
		{B05518BF-5312-4F01-84DA-A4FF6C6383F0}.Release|Any CPU.ActiveCfg = Release|Any CPU
		{B05518BF-5312-4F01-84DA-A4FF6C6383F0}.Release|Any CPU.Build.0 = Release|Any CPU
	EndGlobalSection
	GlobalSection(SolutionProperties) = preSolution
		HideSolutionNode = FALSE
	EndGlobalSection
	GlobalSection(ExtensibilityGlobals) = postSolution
		SolutionGuid = {4D0DB773-B0A3-40F6-9B84-DD1CC22B0EF4}
	EndGlobalSection
EndGlobal
